filippo.io/edwards25519 v1.2.0 h1:crnVqOiS4jqYleHd9vaKZ+HKtHfllngJIiOpNpoJsjo=
filippo.io/edwards25519 v1.2.0/go.mod h1:xzAOLCNug/yB62zG1bQ8uziwrIqIuxhctzJT18Q77mc=
github.com/frankban/quicktest v1.14.6 h1:7Xjx+VpznH+oBnejlPUj8oUpdxnVs4f8XU8WnHkI4W8=
github.com/frankban/quicktest v1.14.6/go.mod h1:4ptaffx2x8+WTWXmUCuVU6aPUX1/Mz7zb5vbUoiM6w0=
github.com/fxamacker/cbor/v2 v2.9.0 h1:NpKPmjDBgUfBms6tr6JZkTHtfFGcMKsw3eGcmD/sapM=
github.com/fxamacker/cbor/v2 v2.9.0/go.mod h1:vM4b+DJCtHn+zz7h3FFp/hDAI9WNWCsZj23V5ytsSxQ=
github.com/go-json-experiment/json v0.0.0-20260214004413-d219187c3433 h1:vymEbVwYFP/L05h5TKQxvkXoKxNvTpjxYKdF1Nlwuao=
github.com/go-json-experiment/json v0.0.0-20260214004413-d219187c3433/go.mod h1:tphK2c80bpPhMOI4v6bIc2xWywPfbqi1Z06+RcrMkDg=
github.com/google/go-cmp v0.7.0 h1:wk8382ETsv4JYUZwIsn6YpYiWiBsYLSJiTsyBybVuN8=
github.com/google/go-cmp v0.7.0/go.mod h1:pXiqmnSA92OHEEa9HXL2W4E7lf9JzCmGVUdgjX3N/iU=
github.com/hdevalence/ed25519consensus v0.2.0 h1:37ICyZqdyj0lAZ8P4D1d1id3HqbbG1N3iBb1Tb4rdcU=
github.com/hdevalence/ed25519consensus v0.2.0/go.mod h1:w3BHWjwJbFU29IRHL1Iqkw3sus+7FctEyM4RqDxYNzo=
github.com/kr/pretty v0.3.1 h1:flRD4NNwYAUpkphVc1HcthR4KEIFJ65n8Mw5qdRn3LE=
github.com/kr/pretty v0.3.1/go.mod h1:hoEshYVHaxMs3cyo3Yncou5ZscifuDolrwPKZanG3xk=
github.com/kr/text v0.2.0 h1:5Nx0Ya0ZqY2ygV366QzturHI13Jq95ApcVaJBhpS+AY=
github.com/kr/text v0.2.0/go.mod h1:eLer722TekiGuMkidMxC/pM04lWEeraHUUmBw8l2grE=
github.com/rogpeppe/go-internal v1.14.1 h1:UQB4HGPB6osV0SQTLymcB4TgvyWu6ZyliaW0tI/otEQ=
github.com/rogpeppe/go-internal v1.14.1/go.mod h1:MaRKkUm5W0goXpeCfT7UZI6fk/L7L7so1lCWt35ZSgc=
github.com/x448/float16 v0.8.4 h1:qLwI1I70+NjRFUR3zs1JPUCgaCXSh3SW62uAKT1mSBM=
github.com/x448/float16 v0.8.4/go.mod h1:14CWIYCyZA/cWjXOioeEpHeN/83MdbZDRQHoFcYsOfg=
go4.org/mem v0.0.0-20240501181205-ae6ca9944745 h1:Tl++JLUCe4sxGu8cTpDzRLd3tN7US4hOxG5YpKCzkek=
go4.org/mem v0.0.0-20240501181205-ae6ca9944745/go.mod h1:reUoABIJ9ikfM5sgtSF3Wushcza7+WeD01VB9Lirh3g=
golang.org/x/crypto v0.54.0 h1:YLIA59K4fiNzHzjnZt2tUJQjQtUWfWbeHBqKtk3eScw=
golang.org/x/crypto v0.54.0/go.mod h1:KWL8ny2AZdGR2cWmzeHrp2azQPGogOv+HeQaVEXC2dk=
golang.org/x/exp v0.0.0-20260410095643-746e56fc9e2f h1:W3F4c+6OLc6H2lb//N1q4WpJkhzJCK5J6kUi1NTVXfM=
golang.org/x/exp v0.0.0-20260410095643-746e56fc9e2f/go.mod h1:J1xhfL/vlindoeF/aINzNzt2Bket5bjo9sdOYzOsU80=
golang.org/x/sys v0.47.0 h1:o7XGOvZQCADBQQ4Y7VNq2dRWQR7JmOUW8Kxx4ZsNgWs=
golang.org/x/sys v0.47.0/go.mod h1:4GL1E5IUh+htKOUEOaiffhrAeqysfVGipDYzABqnCmw=
tailscale.com v1.102.1 h1:l5ZttM2aHXwcVsMdbQnGuLiAQCvkK8HHy0VI2yHlAys=
tailscale.com v1.102.1/go.mod h1:ynxKzc9hDxwGLHORQE0qrTH1b8NBRrIsXcnfnug/3dg=
